
Microsoft Visual Studio Solution File, Format Version 12.00
# Visual Studio 15
VisualStudioVersion = 15.0.26730.15
MinimumVisualStudioVersion = 10.0.40219.1
Project("{FAE04EC0-301F-11D3-BF4B-00C04F79EFBC}") = "Linkedin_Downloader", "Linkedin_Downloader\Linkedin_Downloader.csproj", "{AC957633-2AB2-41D8-BBB5-9E242905C85E}"
EndProject
Global
	GlobalSection(SolutionConfigurationPlatforms) = preSolution
		Debug|Any CPU = Debug|Any CPU
		Release|Any CPU = Release|Any CPU
	EndGlobalSection
	GlobalSection(ProjectConfigurationPlatforms) = postSolution
		{AC957633-2AB2-41D8-BBB5-9E242905C85E}.Debug|Any CPU.ActiveCfg = Debug|Any CPU
		{AC957633-2AB2-41D8-BBB5-9E242905C85E}.Debug|Any CPU.Build.0 = Debug|Any CPU
		{AC957633-2AB2-41D8-BBB5-9E242905C85E}.Release|Any CPU.ActiveCfg = Release|Any CPU
		{AC957633-2AB2-41D8-BBB5-9E242905C85E}.Release|Any CPU.Build.0 = Release|Any CPU
	EndGlobalSection
	GlobalSection(SolutionProperties) = preSolution
		HideSolutionNode = FALSE
	EndGlobalSection
	GlobalSection(ExtensibilityGlobals) = postSolution
		SolutionGuid = {9703CFDD-9FB8-4A17-9F6E-968C64838352}
	EndGlobalSection
EndGlobal
